
Microsoft Visual Studio Solution File, Format Version 12.00
# Visual Studio Version 16
VisualStudioVersion = 16.0.31729.503
MinimumVisualStudioVersion = 10.0.40219.1
Project("{FAE04EC0-301F-11D3-BF4B-00C04F79EFBC}") = "Estoque", "Estoque\Estoque.csproj", "{F31C4658-C0FA-40F3-A2C0-B143B3972836}"
EndProject
Global
	GlobalSection(SolutionConfigurationPlatforms) = preSolution
		Debug|Any CPU = Debug|Any CPU
		Release|Any CPU = Release|Any CPU
	EndGlobalSection
	GlobalSection(ProjectConfigurationPlatforms) = postSolution
		{F31C4658-C0FA-40F3-A2C0-B143B3972836}.Debug|Any CPU.ActiveCfg = Debug|Any CPU
		{F31C4658-C0FA-40F3-A2C0-B143B3972836}.Debug|Any CPU.Build.0 = Debug|Any CPU
		{F31C4658-C0FA-40F3-A2C0-B143B3972836}.Release|Any CPU.ActiveCfg = Release|Any CPU
		{F31C4658-C0FA-40F3-A2C0-B143B3972836}.Release|Any CPU.Build.0 = Release|Any CPU
	EndGlobalSection
	GlobalSection(SolutionProperties) = preSolution
		HideSolutionNode = FALSE
	EndGlobalSection
	GlobalSection(ExtensibilityGlobals) = postSolution
		SolutionGuid = {C136C3F5-80C2-4BA0-980A-96A0DC7A76CC}
	EndGlobalSection
EndGlobal
